
Microsoft Visual Studio Solution File, Format Version 12.00
# Visual Studio 2012
Project("{FAE04EC0-301F-11D3-BF4B-00C04F79EFBC}") = "armiya", "armiya\armiya.csproj", "{3785E46C-5376-41BD-B19B-2F024CB9AD92}"
EndProject
Global
	GlobalSection(SolutionConfigurationPlatforms) = preSolution
		Debug|Any CPU = Debug|Any CPU
		Release|Any CPU = Release|Any CPU
	EndGlobalSection
	GlobalSection(ProjectConfigurationPlatforms) = postSolution
		{3785E46C-5376-41BD-B19B-2F024CB9AD92}.Debug|Any CPU.ActiveCfg = Debug|Any CPU
		{3785E46C-5376-41BD-B19B-2F024CB9AD92}.Debug|Any CPU.Build.0 = Debug|Any CPU
		{3785E46C-5376-41BD-B19B-2F024CB9AD92}.Release|Any CPU.ActiveCfg = Release|Any CPU
		{3785E46C-5376-41BD-B19B-2F024CB9AD92}.Release|Any CPU.Build.0 = Release|Any CPU
	EndGlobalSection
	GlobalSection(SolutionProperties) = preSolution
		HideSolutionNode = FALSE
	EndGlobalSection
EndGlobal
